
Microsoft Visual Studio Solution File, Format Version 12.00
# Visual Studio Version 16
VisualStudioVersion = 16.0.30611.23
MinimumVisualStudioVersion = 10.0.40219.1
Project("{FAE04EC0-301F-11D3-BF4B-00C04F79EFBC}") = "LegallyBuyAlchohol.Android", "LegallyBuyAlchohol\LegallyBuyAlchohol.Android\LegallyBuyAlchohol.Android.csproj", "{0AE86C18-A452-4F9F-A8D6-7F80FCD4F011}"
EndProject
Project("{FAE04EC0-301F-11D3-BF4B-00C04F79EFBC}") = "LegallyBuyAlchohol", "LegallyBuyAlchohol\LegallyBuyAlchohol\LegallyBuyAlchohol.csproj", "{2E004C9F-2C51-44C4-9D38-9AC6AC163CD7}"
EndProject
Global
	GlobalSection(SolutionConfigurationPlatforms) = preSolution
		Debug|Any CPU = Debug|Any CPU
		Release|Any CPU = Release|Any CPU
	EndGlobalSection
	GlobalSection(ProjectConfigurationPlatforms) = postSolution
		{0AE86C18-A452-4F9F-A8D6-7F80FCD4F011}.Debug|Any CPU.ActiveCfg = Debug|Any CPU
		{0AE86C18-A452-4F9F-A8D6-7F80FCD4F011}.Debug|Any CPU.Build.0 = Debug|Any CPU
		{0AE86C18-A452-4F9F-A8D6-7F80FCD4F011}.Debug|Any CPU.Deploy.0 = Debug|Any CPU
		{0AE86C18-A452-4F9F-A8D6-7F80FCD4F011}.Release|Any CPU.ActiveCfg = Release|Any CPU
		{0AE86C18-A452-4F9F-A8D6-7F80FCD4F011}.Release|Any CPU.Build.0 = Release|Any CPU
		{0AE86C18-A452-4F9F-A8D6-7F80FCD4F011}.Release|Any CPU.Deploy.0 = Release|Any CPU
		{2E004C9F-2C51-44C4-9D38-9AC6AC163CD7}.Debug|Any CPU.ActiveCfg = Debug|Any CPU
		{2E004C9F-2C51-44C4-9D38-9AC6AC163CD7}.Debug|Any CPU.Build.0 = Debug|Any CPU
		{2E004C9F-2C51-44C4-9D38-9AC6AC163CD7}.Debug|Any CPU.Deploy.0 = Debug|Any CPU
		{2E004C9F-2C51-44C4-9D38-9AC6AC163CD7}.Release|Any CPU.ActiveCfg = Release|Any CPU
		{2E004C9F-2C51-44C4-9D38-9AC6AC163CD7}.Release|Any CPU.Build.0 = Release|Any CPU
		{2E004C9F-2C51-44C4-9D38-9AC6AC163CD7}.Release|Any CPU.Deploy.0 = Release|Any CPU
	EndGlobalSection
	GlobalSection(SolutionProperties) = preSolution
		HideSolutionNode = FALSE
	EndGlobalSection
	GlobalSection(ExtensibilityGlobals) = postSolution
		SolutionGuid = {E25CD82A-3141-43C9-A570-AFE6463BD007}
	EndGlobalSection
EndGlobal
